
Microsoft Visual Studio Solution File, Format Version 12.00
# Visual Studio Version 17
VisualStudioVersion = 17.5.002.0
MinimumVisualStudioVersion = 10.0.40219.1
Project("{2150E333-8FDC-42A3-9474-1A3956D46DE8}") = "backend-api", "backend-api", "{3EDC3806-7211-46B0-8B6D-792BCC843AAF}"
EndProject
Project("{FAE04EC0-301F-11D3-BF4B-00C04F79EFBC}") = "RequestMgmt", "backend-api\RequestMgmt\RequestMgmt.csproj", "{0DE167B5-8A8A-461D-9ED2-2E65654BD028}"
EndProject
Global
	GlobalSection(SolutionConfigurationPlatforms) = preSolution
		Debug|Any CPU = Debug|Any CPU
		Release|Any CPU = Release|Any CPU
	EndGlobalSection
	GlobalSection(ProjectConfigurationPlatforms) = postSolution
		{0DE167B5-8A8A-461D-9ED2-2E65654BD028}.Debug|Any CPU.ActiveCfg = Debug|Any CPU
		{0DE167B5-8A8A-461D-9ED2-2E65654BD028}.Debug|Any CPU.Build.0 = Debug|Any CPU
		{0DE167B5-8A8A-461D-9ED2-2E65654BD028}.Release|Any CPU.ActiveCfg = Release|Any CPU
		{0DE167B5-8A8A-461D-9ED2-2E65654BD028}.Release|Any CPU.Build.0 = Release|Any CPU
	EndGlobalSection
	GlobalSection(SolutionProperties) = preSolution
		HideSolutionNode = FALSE
	EndGlobalSection
	GlobalSection(ExtensibilityGlobals) = postSolution
		SolutionGuid = {CDA18598-03D9-4CDB-8C7A-127E6C500B5A}
	EndGlobalSection
	GlobalSection(NestedProjects) = preSolution
		{0DE167B5-8A8A-461D-9ED2-2E65654BD028} = {3EDC3806-7211-46B0-8B6D-792BCC843AAF}
	EndGlobalSection
EndGlobal
